Microsoft Visual Studio Solution File, Format Version 12.00
# Visual Studio Version 18
VisualStudioVersion = 18.0.31905.206
MinimumVisualStudioVersion = 10.0.40219.1
Project("{FAE04EC0-301F-11D3-BF4B-00C04F79EFBC}") = "Website", "src\OnlineShop\Website.csproj", "{33333333-3333-3333-3333-333333333333}"
EndProject
Project("{FAE04EC0-301F-11D3-BF4B-00C04F79EFBC}") = "Business", "Business\Business.csproj", "{A97F2C07-5AEA-4785-8203-0639F2CB50D1}"
EndProject
Project("{FAE04EC0-301F-11D3-BF4B-00C04F79EFBC}") = "Database", "Database\Database.csproj", "{9702BDE1-C66A-4571-AE86-293692D7D9E7}"
EndProject
Project("{FAE04EC0-301F-11D3-BF4B-00C04F79EFBC}") = "Shared", "Shared\Shared.csproj", "{B8B3912D-5FA5-4EF9-AA9E-B84CB6C5C566}"
EndProject
Project("{2150E333-8FDC-42A3-9474-1A3956D46DE8}") = "Solution Items", "Solution Items", "{3B8D6212-8C94-49E8-B212-0E938103AECB}"
	ProjectSection(SolutionItems) = preProject
		.editorconfig = .editorconfig
	EndProjectSection
EndProject
Global
	GlobalSection(SolutionConfigurationPlatforms) = preSolution
		Debug|Any CPU = Debug|Any CPU
		Release|Any CPU = Release|Any CPU
	EndGlobalSection
	GlobalSection(ProjectConfigurationPlatforms) = postSolution
		{33333333-3333-3333-3333-333333333333}.Debug|Any CPU.ActiveCfg = Debug|Any CPU
		{33333333-3333-3333-3333-333333333333}.Debug|Any CPU.Build.0 = Debug|Any CPU
		{33333333-3333-3333-3333-333333333333}.Release|Any CPU.ActiveCfg = Release|Any CPU
		{33333333-3333-3333-3333-333333333333}.Release|Any CPU.Build.0 = Release|Any CPU
		{A97F2C07-5AEA-4785-8203-0639F2CB50D1}.Debug|Any CPU.ActiveCfg = Debug|Any CPU
		{A97F2C07-5AEA-4785-8203-0639F2CB50D1}.Debug|Any CPU.Build.0 = Debug|Any CPU
		{A97F2C07-5AEA-4785-8203-0639F2CB50D1}.Release|Any CPU.ActiveCfg = Release|Any CPU
		{A97F2C07-5AEA-4785-8203-0639F2CB50D1}.Release|Any CPU.Build.0 = Release|Any CPU
		{9702BDE1-C66A-4571-AE86-293692D7D9E7}.Debug|Any CPU.ActiveCfg = Debug|Any CPU
		{9702BDE1-C66A-4571-AE86-293692D7D9E7}.Debug|Any CPU.Build.0 = Debug|Any CPU
		{9702BDE1-C66A-4571-AE86-293692D7D9E7}.Release|Any CPU.ActiveCfg = Release|Any CPU
		{9702BDE1-C66A-4571-AE86-293692D7D9E7}.Release|Any CPU.Build.0 = Release|Any CPU
		{B8B3912D-5FA5-4EF9-AA9E-B84CB6C5C566}.Debug|Any CPU.ActiveCfg = Debug|Any CPU
		{B8B3912D-5FA5-4EF9-AA9E-B84CB6C5C566}.Debug|Any CPU.Build.0 = Debug|Any CPU
		{B8B3912D-5FA5-4EF9-AA9E-B84CB6C5C566}.Release|Any CPU.ActiveCfg = Release|Any CPU
		{B8B3912D-5FA5-4EF9-AA9E-B84CB6C5C566}.Release|Any CPU.Build.0 = Release|Any CPU
	EndGlobalSection
	GlobalSection(SolutionProperties) = preSolution
		HideSolutionNode = FALSE
	EndGlobalSection
	GlobalSection(ExtensibilityGlobals) = postSolution
		SolutionGuid = {32847760-BBA0-4254-807D-83B13012CCA0}
	EndGlobalSection
EndGlobal
